
Microsoft Visual Studio Solution File, Format Version 12.00
# Visual Studio 2012
Project("{FAE04EC0-301F-11D3-BF4B-00C04F79EFBC}") = "Tester", "Tester.csproj", "{043FD303-2F5F-4FD3-9DDB-7B09ED51C8FF}"
	ProjectSection(ProjectDependencies) = postProject
		{B12045A0-D693-46BD-8EDA-30B228B6A9B3} = {B12045A0-D693-46BD-8EDA-30B228B6A9B3}
	EndProjectSection
EndProject
Project("{FAE04EC0-301F-11D3-BF4B-00C04F79EFBC}") = "GraphicsEngine", "..\..\Engine\GraphicsEngine.csproj", "{9EF91B9B-2B93-42A0-B499-4B087661D29E}"
EndProject
Project("{FAE04EC0-301F-11D3-BF4B-00C04F79EFBC}") = "FXFramework", "..\..\FxFramework\FXFramework.csproj", "{4E19CD47-7824-4C5B-99A7-E25978CE2DAA}"
EndProject
Project("{FAE04EC0-301F-11D3-BF4B-00C04F79EFBC}") = "FxMaths", "..\..\FxMath\FxMaths\FxMaths.csproj", "{4191B0A0-0064-4673-9FEE-A33B70E3D3F0}"
EndProject
Project("{FAE04EC0-301F-11D3-BF4B-00C04F79EFBC}") = "WinFormsUI", "..\..\DockPanelSuite\WinFormsUI\WinFormsUI.csproj", "{C75532C4-765B-418E-B09B-46D36B2ABDB1}"
EndProject
Project("{FAE04EC0-301F-11D3-BF4B-00C04F79EFBC}") = "SimpleExample", "..\SimpleExample\SimpleExample\SimpleExample.csproj", "{74356F1A-5650-4FE2-935D-42884CDA7DC5}"
EndProject
Project("{FAE04EC0-301F-11D3-BF4B-00C04F79EFBC}") = "ShaderBuilder", "..\ShaderBuilder\ShaderBuilder.csproj", "{EC43B292-FEC1-45A0-B46A-70CECAD8E560}"
EndProject
Project("{FAE04EC0-301F-11D3-BF4B-00C04F79EFBC}") = "EmguCV", "..\..\EmguCV\EmguCV.csproj", "{B12045A0-D693-46BD-8EDA-30B228B6A9B3}"
EndProject
Global
	GlobalSection(SolutionConfigurationPlatforms) = preSolution
		Debug|Any CPU = Debug|Any CPU
		Debug|ARM = Debug|ARM
		Debug|Mixed Platforms = Debug|Mixed Platforms
		Debug|Win32 = Debug|Win32
		Debug|x64 = Debug|x64
		Debug|x86 = Debug|x86
		Release|Any CPU = Release|Any CPU
		Release|ARM = Release|ARM
		Release|Mixed Platforms = Release|Mixed Platforms
		Release|Win32 = Release|Win32
		Release|x64 = Release|x64
		Release|x86 = Release|x86
	EndGlobalSection
	GlobalSection(ProjectConfigurationPlatforms) = postSolution
		{043FD303-2F5F-4FD3-9DDB-7B09ED51C8FF}.Debug|Any CPU.ActiveCfg = Debug|Any CPU
		{043FD303-2F5F-4FD3-9DDB-7B09ED51C8FF}.Debug|Any CPU.Build.0 = Debug|Any CPU
		{043FD303-2F5F-4FD3-9DDB-7B09ED51C8FF}.Debug|ARM.ActiveCfg = Debug|Any CPU
		{043FD303-2F5F-4FD3-9DDB-7B09ED51C8FF}.Debug|Mixed Platforms.ActiveCfg = Debug|x64
		{043FD303-2F5F-4FD3-9DDB-7B09ED51C8FF}.Debug|Mixed Platforms.Build.0 = Debug|x64
		{043FD303-2F5F-4FD3-9DDB-7B09ED51C8FF}.Debug|Win32.ActiveCfg = Debug|Any CPU
		{043FD303-2F5F-4FD3-9DDB-7B09ED51C8FF}.Debug|x64.ActiveCfg = Debug|x64
		{043FD303-2F5F-4FD3-9DDB-7B09ED51C8FF}.Debug|x64.Build.0 = Debug|x64
		{043FD303-2F5F-4FD3-9DDB-7B09ED51C8FF}.Debug|x86.ActiveCfg = Debug|x86
		{043FD303-2F5F-4FD3-9DDB-7B09ED51C8FF}.Debug|x86.Build.0 = Debug|x86
		{043FD303-2F5F-4FD3-9DDB-7B09ED51C8FF}.Release|Any CPU.ActiveCfg = Release|Any CPU
		{043FD303-2F5F-4FD3-9DDB-7B09ED51C8FF}.Release|Any CPU.Build.0 = Release|Any CPU
		{043FD303-2F5F-4FD3-9DDB-7B09ED51C8FF}.Release|ARM.ActiveCfg = Release|Any CPU
		{043FD303-2F5F-4FD3-9DDB-7B09ED51C8FF}.Release|Mixed Platforms.ActiveCfg = Release|x64
		{043FD303-2F5F-4FD3-9DDB-7B09ED51C8FF}.Release|Mixed Platforms.Build.0 = Release|x64
		{043FD303-2F5F-4FD3-9DDB-7B09ED51C8FF}.Release|Win32.ActiveCfg = Release|Any CPU
		{043FD303-2F5F-4FD3-9DDB-7B09ED51C8FF}.Release|x64.ActiveCfg = Release|x64
		{043FD303-2F5F-4FD3-9DDB-7B09ED51C8FF}.Release|x64.Build.0 = Release|x64
		{043FD303-2F5F-4FD3-9DDB-7B09ED51C8FF}.Release|x86.ActiveCfg = Release|Any CPU
		{9EF91B9B-2B93-42A0-B499-4B087661D29E}.Debug|Any CPU.ActiveCfg = Debug|Any CPU
		{9EF91B9B-2B93-42A0-B499-4B087661D29E}.Debug|Any CPU.Build.0 = Debug|Any CPU
		{9EF91B9B-2B93-42A0-B499-4B087661D29E}.Debug|ARM.ActiveCfg = Debug|Any CPU
		{9EF91B9B-2B93-42A0-B499-4B087661D29E}.Debug|Mixed Platforms.ActiveCfg = Debug|x64
		{9EF91B9B-2B93-42A0-B499-4B087661D29E}.Debug|Mixed Platforms.Build.0 = Debug|x64
		{9EF91B9B-2B93-42A0-B499-4B087661D29E}.Debug|Win32.ActiveCfg = Debug|x86
		{9EF91B9B-2B93-42A0-B499-4B087661D29E}.Debug|Win32.Build.0 = Debug|x86
		{9EF91B9B-2B93-42A0-B499-4B087661D29E}.Debug|x64.ActiveCfg = Debug|x64
		{9EF91B9B-2B93-42A0-B499-4B087661D29E}.Debug|x64.Build.0 = Debug|x64
		{9EF91B9B-2B93-42A0-B499-4B087661D29E}.Debug|x86.ActiveCfg = Debug|x86
		{9EF91B9B-2B93-42A0-B499-4B087661D29E}.Debug|x86.Build.0 = Debug|x86
		{9EF91B9B-2B93-42A0-B499-4B087661D29E}.Release|Any CPU.ActiveCfg = Release|Any CPU
		{9EF91B9B-2B93-42A0-B499-4B087661D29E}.Release|Any CPU.Build.0 = Release|Any CPU
		{9EF91B9B-2B93-42A0-B499-4B087661D29E}.Release|ARM.ActiveCfg = Release|Any CPU
		{9EF91B9B-2B93-42A0-B499-4B087661D29E}.Release|Mixed Platforms.ActiveCfg = Release|x64
		{9EF91B9B-2B93-42A0-B499-4B087661D29E}.Release|Mixed Platforms.Build.0 = Release|x64
		{9EF91B9B-2B93-42A0-B499-4B087661D29E}.Release|Win32.ActiveCfg = Release|x86
		{9EF91B9B-2B93-42A0-B499-4B087661D29E}.Release|Win32.Build.0 = Release|x86
		{9EF91B9B-2B93-42A0-B499-4B087661D29E}.Release|x64.ActiveCfg = Release|x64
		{9EF91B9B-2B93-42A0-B499-4B087661D29E}.Release|x64.Build.0 = Release|x64
		{9EF91B9B-2B93-42A0-B499-4B087661D29E}.Release|x86.ActiveCfg = Release|x86
		{9EF91B9B-2B93-42A0-B499-4B087661D29E}.Release|x86.Build.0 = Release|x86
		{4E19CD47-7824-4C5B-99A7-E25978CE2DAA}.Debug|Any CPU.ActiveCfg = Debug|Any CPU
		{4E19CD47-7824-4C5B-99A7-E25978CE2DAA}.Debug|Any CPU.Build.0 = Debug|Any CPU
		{4E19CD47-7824-4C5B-99A7-E25978CE2DAA}.Debug|ARM.ActiveCfg = Debug|Any CPU
		{4E19CD47-7824-4C5B-99A7-E25978CE2DAA}.Debug|Mixed Platforms.ActiveCfg = Debug|x64
		{4E19CD47-7824-4C5B-99A7-E25978CE2DAA}.Debug|Mixed Platforms.Build.0 = Debug|x64
		{4E19CD47-7824-4C5B-99A7-E25978CE2DAA}.Debug|Win32.ActiveCfg = Debug|x86
		{4E19CD47-7824-4C5B-99A7-E25978CE2DAA}.Debug|Win32.Build.0 = Debug|x86
		{4E19CD47-7824-4C5B-99A7-E25978CE2DAA}.Debug|x64.ActiveCfg = Debug|x64
		{4E19CD47-7824-4C5B-99A7-E25978CE2DAA}.Debug|x64.Build.0 = Debug|x64
		{4E19CD47-7824-4C5B-99A7-E25978CE2DAA}.Debug|x86.ActiveCfg = Debug|x86
		{4E19CD47-7824-4C5B-99A7-E25978CE2DAA}.Debug|x86.Build.0 = Debug|x86
		{4E19CD47-7824-4C5B-99A7-E25978CE2DAA}.Release|Any CPU.ActiveCfg = Release|Any CPU
		{4E19CD47-7824-4C5B-99A7-E25978CE2DAA}.Release|Any CPU.Build.0 = Release|Any CPU
		{4E19CD47-7824-4C5B-99A7-E25978CE2DAA}.Release|ARM.ActiveCfg = Release|Any CPU
		{4E19CD47-7824-4C5B-99A7-E25978CE2DAA}.Release|Mixed Platforms.ActiveCfg = Release|x64
		{4E19CD47-7824-4C5B-99A7-E25978CE2DAA}.Release|Mixed Platforms.Build.0 = Release|x64
		{4E19CD47-7824-4C5B-99A7-E25978CE2DAA}.Release|Win32.ActiveCfg = Release|x86
		{4E19CD47-7824-4C5B-99A7-E25978CE2DAA}.Release|Win32.Build.0 = Release|x86
		{4E19CD47-7824-4C5B-99A7-E25978CE2DAA}.Release|x64.ActiveCfg = Release|x64
		{4E19CD47-7824-4C5B-99A7-E25978CE2DAA}.Release|x64.Build.0 = Release|x64
		{4E19CD47-7824-4C5B-99A7-E25978CE2DAA}.Release|x86.ActiveCfg = Release|x86
		{4E19CD47-7824-4C5B-99A7-E25978CE2DAA}.Release|x86.Build.0 = Release|x86
		{4191B0A0-0064-4673-9FEE-A33B70E3D3F0}.Debug|Any CPU.ActiveCfg = Debug|Any CPU
		{4191B0A0-0064-4673-9FEE-A33B70E3D3F0}.Debug|Any CPU.Build.0 = Debug|Any CPU
		{4191B0A0-0064-4673-9FEE-A33B70E3D3F0}.Debug|ARM.ActiveCfg = Debug|Any CPU
		{4191B0A0-0064-4673-9FEE-A33B70E3D3F0}.Debug|Mixed Platforms.ActiveCfg = Debug|x64
		{4191B0A0-0064-4673-9FEE-A33B70E3D3F0}.Debug|Mixed Platforms.Build.0 = Debug|x64
		{4191B0A0-0064-4673-9FEE-A33B70E3D3F0}.Debug|Win32.ActiveCfg = Debug|x86
		{4191B0A0-0064-4673-9FEE-A33B70E3D3F0}.Debug|Win32.Build.0 = Debug|x86
		{4191B0A0-0064-4673-9FEE-A33B70E3D3F0}.Debug|x64.ActiveCfg = Debug|x64
		{4191B0A0-0064-4673-9FEE-A33B70E3D3F0}.Debug|x64.Build.0 = Debug|x64
		{4191B0A0-0064-4673-9FEE-A33B70E3D3F0}.Debug|x86.ActiveCfg = Debug|x86
		{4191B0A0-0064-4673-9FEE-A33B70E3D3F0}.Debug|x86.Build.0 = Debug|x86
		{4191B0A0-0064-4673-9FEE-A33B70E3D3F0}.Release|Any CPU.ActiveCfg = Release|Any CPU
		{4191B0A0-0064-4673-9FEE-A33B70E3D3F0}.Release|Any CPU.Build.0 = Release|Any CPU
		{4191B0A0-0064-4673-9FEE-A33B70E3D3F0}.Release|ARM.ActiveCfg = Release|Any CPU
		{4191B0A0-0064-4673-9FEE-A33B70E3D3F0}.Release|Mixed Platforms.ActiveCfg = Release|x64
		{4191B0A0-0064-4673-9FEE-A33B70E3D3F0}.Release|Mixed Platforms.Build.0 = Release|x64
		{4191B0A0-0064-4673-9FEE-A33B70E3D3F0}.Release|Win32.ActiveCfg = Release|x86
		{4191B0A0-0064-4673-9FEE-A33B70E3D3F0}.Release|Win32.Build.0 = Release|x86
		{4191B0A0-0064-4673-9FEE-A33B70E3D3F0}.Release|x64.ActiveCfg = Release|x64
		{4191B0A0-0064-4673-9FEE-A33B70E3D3F0}.Release|x64.Build.0 = Release|x64
		{4191B0A0-0064-4673-9FEE-A33B70E3D3F0}.Release|x86.ActiveCfg = Release|x86
		{4191B0A0-0064-4673-9FEE-A33B70E3D3F0}.Release|x86.Build.0 = Release|x86
		{C75532C4-765B-418E-B09B-46D36B2ABDB1}.Debug|Any CPU.ActiveCfg = Debug|Any CPU
		{C75532C4-765B-418E-B09B-46D36B2ABDB1}.Debug|Any CPU.Build.0 = Debug|Any CPU
		{C75532C4-765B-418E-B09B-46D36B2ABDB1}.Debug|ARM.ActiveCfg = Debug|Any CPU
		{C75532C4-765B-418E-B09B-46D36B2ABDB1}.Debug|Mixed Platforms.ActiveCfg = Debug|Any CPU
		{C75532C4-765B-418E-B09B-46D36B2ABDB1}.Debug|Mixed Platforms.Build.0 = Debug|Any CPU
		{C75532C4-765B-418E-B09B-46D36B2ABDB1}.Debug|Win32.ActiveCfg = Debug|Any CPU
		{C75532C4-765B-418E-B09B-46D36B2ABDB1}.Debug|x64.ActiveCfg = Debug|Any CPU
		{C75532C4-765B-418E-B09B-46D36B2ABDB1}.Debug|x86.ActiveCfg = Debug|Any CPU
		{C75532C4-765B-418E-B09B-46D36B2ABDB1}.Release|Any CPU.ActiveCfg = Release|Any CPU
		{C75532C4-765B-418E-B09B-46D36B2ABDB1}.Release|Any CPU.Build.0 = Release|Any CPU
		{C75532C4-765B-418E-B09B-46D36B2ABDB1}.Release|ARM.ActiveCfg = Release|Any CPU
		{C75532C4-765B-418E-B09B-46D36B2ABDB1}.Release|Mixed Platforms.ActiveCfg = Release|Any CPU
		{C75532C4-765B-418E-B09B-46D36B2ABDB1}.Release|Mixed Platforms.Build.0 = Release|Any CPU
		{C75532C4-765B-418E-B09B-46D36B2ABDB1}.Release|Win32.ActiveCfg = Release|Any CPU
		{C75532C4-765B-418E-B09B-46D36B2ABDB1}.Release|x64.ActiveCfg = Release|Any CPU
		{C75532C4-765B-418E-B09B-46D36B2ABDB1}.Release|x86.ActiveCfg = Release|Any CPU
		{74356F1A-5650-4FE2-935D-42884CDA7DC5}.Debug|Any CPU.ActiveCfg = Debug|Any CPU
		{74356F1A-5650-4FE2-935D-42884CDA7DC5}.Debug|Any CPU.Build.0 = Debug|Any CPU
		{74356F1A-5650-4FE2-935D-42884CDA7DC5}.Debug|ARM.ActiveCfg = Debug|Any CPU
		{74356F1A-5650-4FE2-935D-42884CDA7DC5}.Debug|Mixed Platforms.ActiveCfg = Debug|x64
		{74356F1A-5650-4FE2-935D-42884CDA7DC5}.Debug|Mixed Platforms.Build.0 = Debug|x64
		{74356F1A-5650-4FE2-935D-42884CDA7DC5}.Debug|Win32.ActiveCfg = Debug|Any CPU
		{74356F1A-5650-4FE2-935D-42884CDA7DC5}.Debug|x64.ActiveCfg = Debug|x64
		{74356F1A-5650-4FE2-935D-42884CDA7DC5}.Debug|x64.Build.0 = Debug|x64
		{74356F1A-5650-4FE2-935D-42884CDA7DC5}.Debug|x86.ActiveCfg = Debug|x86
		{74356F1A-5650-4FE2-935D-42884CDA7DC5}.Debug|x86.Build.0 = Debug|x86
		{74356F1A-5650-4FE2-935D-42884CDA7DC5}.Release|Any CPU.ActiveCfg = Release|Any CPU
		{74356F1A-5650-4FE2-935D-42884CDA7DC5}.Release|ARM.ActiveCfg = Release|Any CPU
		{74356F1A-5650-4FE2-935D-42884CDA7DC5}.Release|Mixed Platforms.ActiveCfg = Release|Any CPU
		{74356F1A-5650-4FE2-935D-42884CDA7DC5}.Release|Mixed Platforms.Build.0 = Release|Any CPU
		{74356F1A-5650-4FE2-935D-42884CDA7DC5}.Release|Win32.ActiveCfg = Release|Any CPU
		{74356F1A-5650-4FE2-935D-42884CDA7DC5}.Release|x64.ActiveCfg = Release|Any CPU
		{74356F1A-5650-4FE2-935D-42884CDA7DC5}.Release|x86.ActiveCfg = Release|Any CPU
		{EC43B292-FEC1-45A0-B46A-70CECAD8E560}.Debug|Any CPU.ActiveCfg = Debug|Any CPU
		{EC43B292-FEC1-45A0-B46A-70CECAD8E560}.Debug|Any CPU.Build.0 = Debug|Any CPU
		{EC43B292-FEC1-45A0-B46A-70CECAD8E560}.Debug|ARM.ActiveCfg = Debug|Any CPU
		{EC43B292-FEC1-45A0-B46A-70CECAD8E560}.Debug|Mixed Platforms.ActiveCfg = Debug|Any CPU
		{EC43B292-FEC1-45A0-B46A-70CECAD8E560}.Debug|Mixed Platforms.Build.0 = Debug|Any CPU
		{EC43B292-FEC1-45A0-B46A-70CECAD8E560}.Debug|Win32.ActiveCfg = Debug|Any CPU
		{EC43B292-FEC1-45A0-B46A-70CECAD8E560}.Debug|x64.ActiveCfg = Debug|Any CPU
		{EC43B292-FEC1-45A0-B46A-70CECAD8E560}.Debug|x86.ActiveCfg = Debug|Any CPU
		{EC43B292-FEC1-45A0-B46A-70CECAD8E560}.Release|Any CPU.ActiveCfg = Release|Any CPU
		{EC43B292-FEC1-45A0-B46A-70CECAD8E560}.Release|ARM.ActiveCfg = Release|Any CPU
		{EC43B292-FEC1-45A0-B46A-70CECAD8E560}.Release|Mixed Platforms.ActiveCfg = Release|Any CPU
		{EC43B292-FEC1-45A0-B46A-70CECAD8E560}.Release|Mixed Platforms.Build.0 = Release|Any CPU
		{EC43B292-FEC1-45A0-B46A-70CECAD8E560}.Release|Win32.ActiveCfg = Release|Any CPU
		{EC43B292-FEC1-45A0-B46A-70CECAD8E560}.Release|x64.ActiveCfg = Release|Any CPU
		{EC43B292-FEC1-45A0-B46A-70CECAD8E560}.Release|x86.ActiveCfg = Release|Any CPU
		{B12045A0-D693-46BD-8EDA-30B228B6A9B3}.Debug|Any CPU.ActiveCfg = Debug|Any CPU
		{B12045A0-D693-46BD-8EDA-30B228B6A9B3}.Debug|Any CPU.Build.0 = Debug|Any CPU
		{B12045A0-D693-46BD-8EDA-30B228B6A9B3}.Debug|ARM.ActiveCfg = Debug|Any CPU
		{B12045A0-D693-46BD-8EDA-30B228B6A9B3}.Debug|Mixed Platforms.ActiveCfg = Debug|Any CPU
		{B12045A0-D693-46BD-8EDA-30B228B6A9B3}.Debug|Mixed Platforms.Build.0 = Debug|Any CPU
		{B12045A0-D693-46BD-8EDA-30B228B6A9B3}.Debug|Win32.ActiveCfg = Debug|Any CPU
		{B12045A0-D693-46BD-8EDA-30B228B6A9B3}.Debug|x64.ActiveCfg = Debug|Any CPU
		{B12045A0-D693-46BD-8EDA-30B228B6A9B3}.Debug|x86.ActiveCfg = Debug|Any CPU
		{B12045A0-D693-46BD-8EDA-30B228B6A9B3}.Release|Any CPU.ActiveCfg = Release|Any CPU
		{B12045A0-D693-46BD-8EDA-30B228B6A9B3}.Release|Any CPU.Build.0 = Release|Any CPU
		{B12045A0-D693-46BD-8EDA-30B228B6A9B3}.Release|ARM.ActiveCfg = Release|Any CPU
		{B12045A0-D693-46BD-8EDA-30B228B6A9B3}.Release|Mixed Platforms.ActiveCfg = Release|Any CPU
		{B12045A0-D693-46BD-8EDA-30B228B6A9B3}.Release|Mixed Platforms.Build.0 = Release|Any CPU
		{B12045A0-D693-46BD-8EDA-30B228B6A9B3}.Release|Win32.ActiveCfg = Release|Any CPU
		{B12045A0-D693-46BD-8EDA-30B228B6A9B3}.Release|x64.ActiveCfg = Release|Any CPU
		{B12045A0-D693-46BD-8EDA-30B228B6A9B3}.Release|x86.ActiveCfg = Release|Any CPU
	EndGlobalSection
	GlobalSection(SolutionProperties) = preSolution
		HideSolutionNode = FALSE
	EndGlobalSection
EndGlobal
