<?xml version="1.0" encoding="utf-8"?>
<Project ToolsVersion="4.0" xmlns="http://schemas.microsoft.com/developer/msbuild/2003">
  <ItemGroup>
    <Filter Include="MergeSort">
      <UniqueIdentifier>{7ecadd78-5576-45c9-ac2f-f804cedc300b}</UniqueIdentifier>
    </Filter>
    <Filter Include="Delaunay">
      <UniqueIdentifier>{7d0fe90d-8905-4366-b75b-ccf1647f0d13}</UniqueIdentifier>
    </Filter>
    <Filter Include="BitonicSort">
      <UniqueIdentifier>{8f945990-0098-4146-9d9e-8b7af4660a58}</UniqueIdentifier>
    </Filter>
    <Filter Include="Utils">
      <UniqueIdentifier>{672981ed-2a6b-449c-ab80-6adf91f3c26d}</UniqueIdentifier>
    </Filter>
  </ItemGroup>
  <ItemGroup>
    <CudaCompile Include="Delaunay\RegionSplit.cu">
      <Filter>Delaunay</Filter>
    </CudaCompile>
    <CudaCompile Include="MergeSort\MergeSort.cu">
      <Filter>MergeSort</Filter>
    </CudaCompile>
    <CudaCompile Include="BitonicSort\BitonicSort.cu">
      <Filter>BitonicSort</Filter>
    </CudaCompile>
    <CudaCompile Include="Utils\memory.cu">
      <Filter>Utils</Filter>
    </CudaCompile>
    <CudaCompile Include="Delaunay\Triangulation.cu">
      <Filter>Delaunay</Filter>
    </CudaCompile>
  </ItemGroup>
  <ItemGroup>
    <ClInclude Include="Delaunay\includes.h">
      <Filter>Delaunay</Filter>
    </ClInclude>
    <ClInclude Include="Delaunay\structs.h">
      <Filter>Delaunay</Filter>
    </ClInclude>
  </ItemGroup>
</Project>